<?xml version="1.0" encoding="utf-8"?>
<Project ToolsVersion="4.0" xmlns="http://schemas.microsoft.com/developer/msbuild/2003">
  <ItemGroup>
    <Filter Include="소스 파일">
      <UniqueIdentifier>{4FC737F1-C7A5-4376-A066-2A32D752A2FF}</UniqueIdentifier>
      <Extensions>cpp;c;cc;cxx;c++;cppm;ixx;def;odl;idl;hpj;bat;asm;asmx</Extensions>
    </Filter>
    <Filter Include="헤더 파일">
      <UniqueIdentifier>{93995380-89BD-4b04-88EB-625FBE52EBFB}</UniqueIdentifier>
      <Extensions>h;hh;hpp;hxx;h++;hm;inl;inc;ipp;xsd</Extensions>
    </Filter>
    <Filter Include="리소스 파일">
      <UniqueIdentifier>{67DA6AB6-F800-4c08-8B7A-83BB121AAD01}</UniqueIdentifier>
      <Extensions>rc;ico;cur;bmp;dlg;rc2;rct;bin;rgs;gif;jpg;jpeg;jpe;resx;tiff;tif;png;wav;mfcribbon-ms</Extensions>
    </Filter>
    <Filter Include="소스 파일\Driver">
      <UniqueIdentifier>{c17ef9c4-cf94-4236-a7c8-8a401445302e}</UniqueIdentifier>
    </Filter>
    <Filter Include="소스 파일\OBEM">
      <UniqueIdentifier>{c66f812f-499a-4a66-b83b-ca4131f2c7d2}</UniqueIdentifier>
    </Filter>
    <Filter Include="헤더 파일\OBEM">
      <UniqueIdentifier>{f92e690b-fabd-4e7a-b3a5-95bc15250d80}</UniqueIdentifier>
    </Filter>
    <Filter Include="헤더 파일\Common">
      <UniqueIdentifier>{1cbff859-865a-4285-add4-1a06f34e745a}</UniqueIdentifier>
    </Filter>
    <Filter Include="소스 파일\Common">
      <UniqueIdentifier>{073fe7fd-d3d8-484f-bb9c-3b3deb43ce86}</UniqueIdentifier>
    </Filter>
  </ItemGroup>
  <ItemGroup>
    <ClInclude Include="CChamber.h">
      <Filter>헤더 파일</Filter>
    </ClInclude>
    <ClInclude Include="Configuration.h">
      <Filter>헤더 파일</Filter>
    </ClInclude>
    <ClInclude Include="CElement.h">
      <Filter>헤더 파일\OBEM</Filter>
    </ClInclude>
    <ClInclude Include="Logger.h">
      <Filter>헤더 파일\Common</Filter>
    </ClInclude>
    <ClInclude Include="pch.h">
      <Filter>헤더 파일\Common</Filter>
    </ClInclude>
    <ClInclude Include="stdafx.h">
      <Filter>헤더 파일\Common</Filter>
    </ClInclude>
  </ItemGroup>
  <ItemGroup>
    <ClCompile Include="CChamber.cpp">
      <Filter>소스 파일</Filter>
    </ClCompile>
    <ClCompile Include="CIODevice.cpp">
      <Filter>소스 파일\Driver</Filter>
    </ClCompile>
    <ClCompile Include="CElement.cpp">
      <Filter>소스 파일\OBEM</Filter>
    </ClCompile>
    <ClCompile Include="CSubsystem.cpp">
      <Filter>소스 파일\OBEM</Filter>
    </ClCompile>
    <ClCompile Include="Logger.cpp">
      <Filter>소스 파일\Common</Filter>
    </ClCompile>
    <ClCompile Include="pch.cpp">
      <Filter>소스 파일\Common</Filter>
    </ClCompile>
    <ClCompile Include="stdafx.cpp">
      <Filter>소스 파일\Common</Filter>
    </ClCompile>
  </ItemGroup>
</Project>